
Microsoft Visual Studio Solution File, Format Version 12.00
# Visual Studio 14
VisualStudioVersion = 14.0.24720.0
MinimumVisualStudioVersion = 10.0.40219.1
Project("{FAE04EC0-301F-11D3-BF4B-00C04F79EFBC}") = "AutoMapperDEMO", "AutoMapperDEMO\AutoMapperDEMO.csproj", "{7A20A27E-0CB1-41DB-BA71-6253535C1582}"
EndProject
Project("{FAE04EC0-301F-11D3-BF4B-00C04F79EFBC}") = "ValueInjecterDEMO", "ValueInjecterDEMO\ValueInjecterDEMO.csproj", "{767F1179-A52D-4E2D-882F-4B9B2CB3EE98}"
EndProject
Project("{00D1A9C2-B5F0-4AF3-8072-F6C62B433612}") = "DEMO.Database", "DEMO.Database\DEMO.Database.sqlproj", "{3EE95028-B87F-465B-8CB4-08ED416C5E21}"
EndProject
Project("{FAE04EC0-301F-11D3-BF4B-00C04F79EFBC}") = "AutoMapperConsoleDEMO", "AutoMapperConsoleDEMO\AutoMapperConsoleDEMO.csproj", "{FE16DEE2-2E9C-4C5A-92E3-90A7F9EC7877}"
EndProject
Global
	GlobalSection(SolutionConfigurationPlatforms) = preSolution
		Debug|Any CPU = Debug|Any CPU
		Release|Any CPU = Release|Any CPU
	EndGlobalSection
	GlobalSection(ProjectConfigurationPlatforms) = postSolution
		{7A20A27E-0CB1-41DB-BA71-6253535C1582}.Debug|Any CPU.ActiveCfg = Debug|Any CPU
		{7A20A27E-0CB1-41DB-BA71-6253535C1582}.Debug|Any CPU.Build.0 = Debug|Any CPU
		{7A20A27E-0CB1-41DB-BA71-6253535C1582}.Release|Any CPU.ActiveCfg = Release|Any CPU
		{7A20A27E-0CB1-41DB-BA71-6253535C1582}.Release|Any CPU.Build.0 = Release|Any CPU
		{767F1179-A52D-4E2D-882F-4B9B2CB3EE98}.Debug|Any CPU.ActiveCfg = Debug|Any CPU
		{767F1179-A52D-4E2D-882F-4B9B2CB3EE98}.Debug|Any CPU.Build.0 = Debug|Any CPU
		{767F1179-A52D-4E2D-882F-4B9B2CB3EE98}.Release|Any CPU.ActiveCfg = Release|Any CPU
		{767F1179-A52D-4E2D-882F-4B9B2CB3EE98}.Release|Any CPU.Build.0 = Release|Any CPU
		{3EE95028-B87F-465B-8CB4-08ED416C5E21}.Debug|Any CPU.ActiveCfg = Debug|Any CPU
		{3EE95028-B87F-465B-8CB4-08ED416C5E21}.Debug|Any CPU.Build.0 = Debug|Any CPU
		{3EE95028-B87F-465B-8CB4-08ED416C5E21}.Debug|Any CPU.Deploy.0 = Debug|Any CPU
		{3EE95028-B87F-465B-8CB4-08ED416C5E21}.Release|Any CPU.ActiveCfg = Release|Any CPU
		{3EE95028-B87F-465B-8CB4-08ED416C5E21}.Release|Any CPU.Build.0 = Release|Any CPU
		{3EE95028-B87F-465B-8CB4-08ED416C5E21}.Release|Any CPU.Deploy.0 = Release|Any CPU
		{FE16DEE2-2E9C-4C5A-92E3-90A7F9EC7877}.Debug|Any CPU.ActiveCfg = Debug|Any CPU
		{FE16DEE2-2E9C-4C5A-92E3-90A7F9EC7877}.Debug|Any CPU.Build.0 = Debug|Any CPU
		{FE16DEE2-2E9C-4C5A-92E3-90A7F9EC7877}.Release|Any CPU.ActiveCfg = Release|Any CPU
		{FE16DEE2-2E9C-4C5A-92E3-90A7F9EC7877}.Release|Any CPU.Build.0 = Release|Any CPU
	EndGlobalSection
	GlobalSection(SolutionProperties) = preSolution
		HideSolutionNode = FALSE
	EndGlobalSection
EndGlobal
